
Microsoft Visual Studio Solution File, Format Version 12.00
# Visual Studio Version 17
VisualStudioVersion = 17.3.32901.215
MinimumVisualStudioVersion = 10.0.40219.1
Project("{FAE04EC0-301F-11D3-BF4B-00C04F79EFBC}") = "Solid_L_LiskovSustitution", "Solid_L_LiskovSustitution\Solid_L_LiskovSustitution.csproj", "{F4299D49-B9D9-497F-A15A-4851479614C7}"
EndProject
Global
	GlobalSection(SolutionConfigurationPlatforms) = preSolution
		Debug|Any CPU = Debug|Any CPU
		Release|Any CPU = Release|Any CPU
	EndGlobalSection
	GlobalSection(ProjectConfigurationPlatforms) = postSolution
		{F4299D49-B9D9-497F-A15A-4851479614C7}.Debug|Any CPU.ActiveCfg = Debug|Any CPU
		{F4299D49-B9D9-497F-A15A-4851479614C7}.Debug|Any CPU.Build.0 = Debug|Any CPU
		{F4299D49-B9D9-497F-A15A-4851479614C7}.Release|Any CPU.ActiveCfg = Release|Any CPU
		{F4299D49-B9D9-497F-A15A-4851479614C7}.Release|Any CPU.Build.0 = Release|Any CPU
	EndGlobalSection
	GlobalSection(SolutionProperties) = preSolution
		HideSolutionNode = FALSE
	EndGlobalSection
	GlobalSection(ExtensibilityGlobals) = postSolution
		SolutionGuid = {3215EC78-AAFB-462C-A6AF-01C6B13D5D75}
	EndGlobalSection
EndGlobal
